
Microsoft Visual Studio Solution File, Format Version 12.00
# Visual Studio Version 17
VisualStudioVersion = 17.1.32414.318
MinimumVisualStudioVersion = 10.0.40219.1
Project("{FAE04EC0-301F-11D3-BF4B-00C04F79EFBC}") = "Examen", "Examen\Examen.csproj", "{7DF29BA8-FA9B-4D0D-AD7B-4F5EF1C95240}"
EndProject
Project("{FAE04EC0-301F-11D3-BF4B-00C04F79EFBC}") = "Datos", "Datos\Datos.csproj", "{1D05688F-620E-4A10-A14B-A693917708D0}"
EndProject
Project("{FAE04EC0-301F-11D3-BF4B-00C04F79EFBC}") = "Modelos", "Modelos\Modelos.csproj", "{D681F417-E9AE-4FB3-B34F-174A1CF15CD0}"
EndProject
Global
	GlobalSection(SolutionConfigurationPlatforms) = preSolution
		Debug|Any CPU = Debug|Any CPU
		Release|Any CPU = Release|Any CPU
	EndGlobalSection
	GlobalSection(ProjectConfigurationPlatforms) = postSolution
		{7DF29BA8-FA9B-4D0D-AD7B-4F5EF1C95240}.Debug|Any CPU.ActiveCfg = Debug|Any CPU
		{7DF29BA8-FA9B-4D0D-AD7B-4F5EF1C95240}.Debug|Any CPU.Build.0 = Debug|Any CPU
		{7DF29BA8-FA9B-4D0D-AD7B-4F5EF1C95240}.Release|Any CPU.ActiveCfg = Release|Any CPU
		{7DF29BA8-FA9B-4D0D-AD7B-4F5EF1C95240}.Release|Any CPU.Build.0 = Release|Any CPU
		{1D05688F-620E-4A10-A14B-A693917708D0}.Debug|Any CPU.ActiveCfg = Debug|Any CPU
		{1D05688F-620E-4A10-A14B-A693917708D0}.Debug|Any CPU.Build.0 = Debug|Any CPU
		{1D05688F-620E-4A10-A14B-A693917708D0}.Release|Any CPU.ActiveCfg = Release|Any CPU
		{1D05688F-620E-4A10-A14B-A693917708D0}.Release|Any CPU.Build.0 = Release|Any CPU
		{D681F417-E9AE-4FB3-B34F-174A1CF15CD0}.Debug|Any CPU.ActiveCfg = Debug|Any CPU
		{D681F417-E9AE-4FB3-B34F-174A1CF15CD0}.Debug|Any CPU.Build.0 = Debug|Any CPU
		{D681F417-E9AE-4FB3-B34F-174A1CF15CD0}.Release|Any CPU.ActiveCfg = Release|Any CPU
		{D681F417-E9AE-4FB3-B34F-174A1CF15CD0}.Release|Any CPU.Build.0 = Release|Any CPU
	EndGlobalSection
	GlobalSection(SolutionProperties) = preSolution
		HideSolutionNode = FALSE
	EndGlobalSection
	GlobalSection(ExtensibilityGlobals) = postSolution
		SolutionGuid = {2565D2B1-D136-428A-89E7-348621433679}
	EndGlobalSection
EndGlobal
